github.com/google/go-cmp v0.5.9 h1:O2Tfq5qg4qc4AmwVlvv0oLiVAGB7enBSJ2x2DqQFi38=
github.com/google/go-cmp v0.5.9/go.mod h1:17dUlkBOakJ0+DkrSSNjCkIjxS6bF9zb3elmeNGIjoY=
github.com/richardlehane/characterize v1.0.0 h1:2MMnKFqYd+hsKpQrPkc5JjbcIzVBIfvSoaMd563GOj0=
github.com/richardlehane/characterize v1.0.0/go.mod h1:9mhxzxtWkXoLQpkg+gt7ioK6//+3hrsv3VHkbj8kbuQ=
github.com/richardlehane/match v1.0.5 h1:+tuXp28xaIPsvKbhHyuivce9qMEfE8nP9d0wSxJef9o=
github.com/richardlehane/match v1.0.5/go.mod h1:Vz0T28BYeZrU9h54iHnyjDfhVlKvn7XB7smnVripJME=
github.com/richardlehane/mscfb v1.0.4 h1:WULscsljNPConisD5hR0+OyZjwK46Pfyr6mPu5ZawpM=
github.com/richardlehane/mscfb v1.0.4/go.mod h1:YzVpcZg9czvAuhk9T+a3avCpcFPMUWm7gK3DypaEsUk=
github.com/richardlehane/msoleps v1.0.1/go.mod h1:BWev5JBpU9Ko2WAgmZEuiz4/u3ZYTKbjLycmwiWUfWg=
github.com/richardlehane/msoleps v1.0.4 h1:WuESlvhX3gH2IHcd8UqyCuFY5yiq/GR/yqaSM/9/g00=
github.com/richardlehane/msoleps v1.0.4/go.mod h1:BWev5JBpU9Ko2WAgmZEuiz4/u3ZYTKbjLycmwiWUfWg=
github.com/richardlehane/siegfried v1.11.2 h1:5ZCbjOzusYNFQXeRpMEe66Op/4T3/d3tcEGIlCfnOKs=
github.com/richardlehane/siegfried v1.11.2/go.mod h1:G8OfMT/gqJFU+ncvqpPIeb+lLR3NRqztYFa4/1ZOREY=
github.com/richardlehane/xmldetect v1.0.2 h1:/3ooFuJwtgpMMe14/7m8a/JIvECMx6SpsPcDRiNyR8o=
github.com/richardlehane/xmldetect v1.0.2/go.mod h1:Zp1lhTLRJa2p2QKA4jOruVQYc0NFQDO0YUz3k/k6JcE=
github.com/ross-spencer/spargo v0.4.1 h1:+a570tI+az8j/s0+06mntNqwsJ7DXuq7PESUIXlKie8=
github.com/ross-spencer/spargo v0.4.1/go.mod h1:szEHC5cu+q6g0RD7otV7xvYGb+fQVYj1/SkiVTr4IC4=
github.com/ross-spencer/wikiprov v1.0.0 h1:tbDg/pFVPsaTXVXFp7lkeMjr5icFklFeRla2sh+Zl6E=
github.com/ross-spencer/wikiprov v1.0.0/go.mod h1:Fz4skf6LE/1iGHOE/mM23DcZBAVGlaC96NTqNoZWs44=
golang.org/x/image v0.24.0 h1:AN7zRgVsbvmTfNyqIbbOraYL8mSwcKncEj8ofjgzcMQ=
golang.org/x/image v0.24.0/go.mod h1:4b/ITuLfqYq1hqZcjofwctIhi7sZh2WaCjvsBNjjya8=
golang.org/x/sys v0.30.0 h1:QjkSwP/36a20jFYWkSue1YwXzLmsV5Gfq7Eiy72C1uc=
golang.org/x/sys v0.30.0/go.mod h1:/VUhepiaJMQUp4+oa/7Zr1D23ma6VTLIYjOOTFZPUcA=
golang.org/x/text v0.3.0/go.mod h1:NqM8EUOU14njkJ3fqMW+pc6Ldnwhi/IjpwHt7yyuwOQ=
golang.org/x/text v0.22.0 h1:bofq7m3/HAFvbF51jz3Q9wLg3jkvSPuiZu/pD1XwgtM=
golang.org/x/text v0.22.0/go.mod h1:YRoo4H8PVmsu+E3Ou7cqLVH8oXWIHVoX0jqUWALQhfY=
gotest.tools/v3 v3.5.1 h1:EENdUnS3pdur5nybKYIh2Vfgc8IUNBjxDPSjtiJcOzU=
gotest.tools/v3 v3.5.1/go.mod h1:isy3WKz7GK6uNw/sbHzfKBLvlvXwUyV06n6brMxxopU=
